Microsoft Visual Studio Solution File, Format Version 12.00
# Visual Studio 15
VisualStudioVersion = 15.0.26430.14
MinimumVisualStudioVersion = 10.0.40219.1
Project("{FAE04EC0-301F-11D3-BF4B-00C04F79EFBC}") = "CypressTestAPI.Standard", "CypressTestAPI.Standard/CypressTestAPI.Standard.csproj", "{23856838-356e-45eb-8cab-4c95d0162cc2}"
EndProject
Project("{FAE04EC0-301F-11D3-BF4B-00C04F79EFBC}") = "CypressTestAPI.Tests", "CypressTestAPI.Tests/CypressTestAPI.Tests.csproj", "{c434bb48-3886-4bb9-b7cc-d370b7cc8c2b}"
EndProject
Global
    GlobalSection(SolutionConfigurationPlatforms) = preSolution
        Debug|Any CPU = Debug|Any CPU
        Release|Any CPU = Release|Any CPU
    EndGlobalSection
    GlobalSection(ProjectConfigurationPlatforms) = postSolution
        {23856838-356e-45eb-8cab-4c95d0162cc2}.Debug|Any CPU.ActiveCfg = Debug|Any CPU
        {23856838-356e-45eb-8cab-4c95d0162cc2}.Debug|Any CPU.Build.0 = Debug|Any CPU
        {23856838-356e-45eb-8cab-4c95d0162cc2}.Release|Any CPU.ActiveCfg = Release|Any CPU
        {23856838-356e-45eb-8cab-4c95d0162cc2}.Release|Any CPU.Build.0 = Release|Any CPU
        {c434bb48-3886-4bb9-b7cc-d370b7cc8c2b}.Debug|Any CPU.ActiveCfg = Debug|Any CPU
        {c434bb48-3886-4bb9-b7cc-d370b7cc8c2b}.Debug|Any CPU.Build.0 = Debug|Any CPU
        {c434bb48-3886-4bb9-b7cc-d370b7cc8c2b}.Release|Any CPU.ActiveCfg = Release|Any CPU
        {c434bb48-3886-4bb9-b7cc-d370b7cc8c2b}.Release|Any CPU.Build.0 = Release|Any CPU
    EndGlobalSection
    GlobalSection(SolutionProperties) = preSolution
        HideSolutionNode = FALSE
    EndGlobalSection
EndGlobal
